
Microsoft Visual Studio Solution File, Format Version 12.00
# Visual Studio 15
VisualStudioVersion = 15.0.27703.2026
MinimumVisualStudioVersion = 10.0.40219.1
Project("{FAE04EC0-301F-11D3-BF4B-00C04F79EFBC}") = "BertoniTest", "BertoniTest\BertoniTest.csproj", "{F576D9F1-6231-425A-9FA3-5B1511D1CB4D}"
EndProject
Project("{FAE04EC0-301F-11D3-BF4B-00C04F79EFBC}") = "BertoniTest.Library", "BertoniTest.Library\BertoniTest.Library.csproj", "{A6DF112B-2A32-463B-B167-FA37136C9A1A}"
EndProject
Global
	GlobalSection(SolutionConfigurationPlatforms) = preSolution
		Debug|Any CPU = Debug|Any CPU
		Release|Any CPU = Release|Any CPU
	EndGlobalSection
	GlobalSection(ProjectConfigurationPlatforms) = postSolution
		{F576D9F1-6231-425A-9FA3-5B1511D1CB4D}.Debug|Any CPU.ActiveCfg = Debug|Any CPU
		{F576D9F1-6231-425A-9FA3-5B1511D1CB4D}.Debug|Any CPU.Build.0 = Debug|Any CPU
		{F576D9F1-6231-425A-9FA3-5B1511D1CB4D}.Release|Any CPU.ActiveCfg = Release|Any CPU
		{F576D9F1-6231-425A-9FA3-5B1511D1CB4D}.Release|Any CPU.Build.0 = Release|Any CPU
		{A6DF112B-2A32-463B-B167-FA37136C9A1A}.Debug|Any CPU.ActiveCfg = Debug|Any CPU
		{A6DF112B-2A32-463B-B167-FA37136C9A1A}.Debug|Any CPU.Build.0 = Debug|Any CPU
		{A6DF112B-2A32-463B-B167-FA37136C9A1A}.Release|Any CPU.ActiveCfg = Release|Any CPU
		{A6DF112B-2A32-463B-B167-FA37136C9A1A}.Release|Any CPU.Build.0 = Release|Any CPU
	EndGlobalSection
	GlobalSection(SolutionProperties) = preSolution
		HideSolutionNode = FALSE
	EndGlobalSection
	GlobalSection(ExtensibilityGlobals) = postSolution
		SolutionGuid = {E0A29B25-9F1B-47F3-9BBA-768F3C603C21}
	EndGlobalSection
EndGlobal
